
Microsoft Visual Studio Solution File, Format Version 12.00
# Visual Studio Version 17
VisualStudioVersion = 17.4.33213.308
MinimumVisualStudioVersion = 10.0.40219.1
Project("{FAE04EC0-301F-11D3-BF4B-00C04F79EFBC}") = "ArithmeticDemo", "Arithmetic\ArithmeticDemo.csproj", "{37278E59-3411-4E78-8968-A1E4F796BAB8}"
EndProject
Global
	GlobalSection(SolutionConfigurationPlatforms) = preSolution
		Debug|Any CPU = Debug|Any CPU
		Release|Any CPU = Release|Any CPU
	EndGlobalSection
	GlobalSection(ProjectConfigurationPlatforms) = postSolution
		{37278E59-3411-4E78-8968-A1E4F796BAB8}.Debug|Any CPU.ActiveCfg = Debug|Any CPU
		{37278E59-3411-4E78-8968-A1E4F796BAB8}.Debug|Any CPU.Build.0 = Debug|Any CPU
		{37278E59-3411-4E78-8968-A1E4F796BAB8}.Release|Any CPU.ActiveCfg = Release|Any CPU
		{37278E59-3411-4E78-8968-A1E4F796BAB8}.Release|Any CPU.Build.0 = Release|Any CPU
	EndGlobalSection
	GlobalSection(SolutionProperties) = preSolution
		HideSolutionNode = FALSE
	EndGlobalSection
	GlobalSection(ExtensibilityGlobals) = postSolution
		SolutionGuid = {791B7554-2985-44A8-AFA9-19C35EF4F154}
	EndGlobalSection
EndGlobal
